
Microsoft Visual Studio Solution File, Format Version 12.00
# Visual Studio Version 16
VisualStudioVersion = 16.0.29519.87
MinimumVisualStudioVersion = 10.0.40219.1
Project("{FAE04EC0-301F-11D3-BF4B-00C04F79EFBC}") = "ex_003_020", "ex_003_020\ex_003_020.csproj", "{0CA9D6FB-9AF7-4230-8C2C-13A3DA7B018F}"
EndProject
Global
	GlobalSection(SolutionConfigurationPlatforms) = preSolution
		Debug|Any CPU = Debug|Any CPU
		Release|Any CPU = Release|Any CPU
	EndGlobalSection
	GlobalSection(ProjectConfigurationPlatforms) = postSolution
		{0CA9D6FB-9AF7-4230-8C2C-13A3DA7B018F}.Debug|Any CPU.ActiveCfg = Debug|Any CPU
		{0CA9D6FB-9AF7-4230-8C2C-13A3DA7B018F}.Debug|Any CPU.Build.0 = Debug|Any CPU
		{0CA9D6FB-9AF7-4230-8C2C-13A3DA7B018F}.Release|Any CPU.ActiveCfg = Release|Any CPU
		{0CA9D6FB-9AF7-4230-8C2C-13A3DA7B018F}.Release|Any CPU.Build.0 = Release|Any CPU
	EndGlobalSection
	GlobalSection(SolutionProperties) = preSolution
		HideSolutionNode = FALSE
	EndGlobalSection
	GlobalSection(ExtensibilityGlobals) = postSolution
		SolutionGuid = {F51E1BD9-0F53-4EC8-A09D-A316C0A9B343}
	EndGlobalSection
EndGlobal
